// !$*UTF8*$!
{
	archiveVersion = 1;
	classes = {
	};
	objectVersion = 46;
	objects = {

/* Begin PBXBuildFile section */
		F51381081E69CB8500C1F747 /* ViewController.swift in Sources */ = {isa = PBXBuildFile; fileRef = F51381071E69CB8500C1F747 /* ViewController.swift */; };
		F513810A1E69CD5E00C1F747 /* Tile.swift in Sources */ = {isa = PBXBuildFile; fileRef = F51381091E69CD5E00C1F747 /* Tile.swift */; };
		F513810C1E69CDB500C1F747 /* Player.swift in Sources */ = {isa = PBXBuildFile; fileRef = F513810B1E69CDB500C1F747 /* Player.swift */; };
		F52AD17D1E6713250020AFDD /* AppDelegate.swift in Sources */ = {isa = PBXBuildFile; fileRef = F52AD17C1E6713250020AFDD /* AppDelegate.swift */; };
		F52AD1821E6713250020AFDD /* Main.storyboard in Resources */ = {isa = PBXBuildFile; fileRef = F52AD1801E6713250020AFDD /* Main.storyboard */; };
		F52AD1841E6713250020AFDD /* Assets.xcassets in Resources */ = {isa = PBXBuildFile; fileRef = F52AD1831E6713250020AFDD /* Assets.xcassets */; };
		F52AD1871E6713250020AFDD /* LaunchScreen.storyboard in Resources */ = {isa = PBXBuildFile; fileRef = F52AD1851E6713250020AFDD /* LaunchScreen.storyboard */; };
		F5FDFB6A1E6A8F2600543075 /* AllWinningMoves.swift in Sources */ = {isa = PBXBuildFile; fileRef = F5FDFB691E6A8F2600543075 /* AllWinningMoves.swift */; };
/* End PBXBuildFile section */

/* Begin PBXFileReference section */
		F51381071E69CB8500C1F747 /* ViewController.swift */ = {isa = PBXFileReference; fileEncoding = 4; lastKnownFileType = sourcecode.swift; path = ViewController.swift; sourceTree = "<group>"; };
		F51381091E69CD5E00C1F747 /* Tile.swift */ = {isa = PBXFileReference; fileEncoding = 4; lastKnownFileType = sourcecode.swift; path = Tile.swift; sourceTree = "<group>"; };
		F513810B1E69CDB500C1F747 /* Player.swift */ = {isa = PBXFileReference; fileEncoding = 4; lastKnownFileType = sourcecode.swift; path = Player.swift; sourceTree = "<group>"; };
		F52AD1791E6713250020AFDD /* TicTacToe.app */ = {isa = PBXFileReference; explicitFileType = wrapper.application; includeInIndex = 0; path = TicTacToe.app; sourceTree = BUILT_PRODUCTS_DIR; };
		F52AD17C1E6713250020AFDD /* AppDelegate.swift */ = {isa = PBXFileReference; lastKnownFileType = sourcecode.swift; path = AppDelegate.swift; sourceTree = "<group>"; };
		F52AD1811E6713250020AFDD /* Base */ = {isa = PBXFileReference; lastKnownFileType = file.storyboard; name = Base; path = Base.lproj/Main.storyboard; sourceTree = "<group>"; };
		F52AD1831E6713250020AFDD /* Assets.xcassets */ = {isa = PBXFileReference; lastKnownFileType = folder.assetcatalog; path = Assets.xcassets; sourceTree = "<group>"; };
		F52AD1861E6713250020AFDD /* Base */ = {isa = PBXFileReference; lastKnownFileType = file.storyboard; name = Base; path = Base.lproj/LaunchScreen.storyboard; sourceTree = "<group>"; };
		F52AD1881E6713250020AFDD /* Info.plist */ = {isa = PBXFileReference; lastKnownFileType = text.plist.xml; path = Info.plist; sourceTree = "<group>"; };
		F5FDFB691E6A8F2600543075 /* AllWinningMoves.swift */ = {isa = PBXFileReference; fileEncoding = 4; lastKnownFileType = sourcecode.swift; path = AllWinningMoves.swift; sourceTree = "<group>"; };
/* End PBXFileReference section */

/* Begin PBXFrameworksBuildPhase section */
		F52AD1761E6713240020AFDD /* Frameworks */ = {
			isa = PBXFrameworksBuildPhase;
			buildActionMask = 2147483647;
			files = (
			);
			runOnlyForDeploymentPostprocessing = 0;
		};
/* End PBXFrameworksBuildPhase section */

/* Begin PBXGroup section */
		F52AD1701E6713240020AFDD = {
			isa = PBXGroup;
			children = (
				F52AD17B1E6713250020AFDD /* TicTacToe */,
				F52AD17A1E6713250020AFDD /* Products */,
			);
			sourceTree = "<group>";
		};
		F52AD17A1E6713250020AFDD /* Products */ = {
			isa = PBXGroup;
			children = (
				F52AD1791E6713250020AFDD /* TicTacToe.app */,
			);
			name = Products;
			sourceTree = "<group>";
		};
		F52AD17B1E6713250020AFDD /* TicTacToe */ = {
			isa = PBXGroup;
			children = (
				F52AD17C1E6713250020AFDD /* AppDelegate.swift */,
				F51381071E69CB8500C1F747 /* ViewController.swift */,
				F51381091E69CD5E00C1F747 /* Tile.swift */,
				F513810B1E69CDB500C1F747 /* Player.swift */,
				F5FDFB691E6A8F2600543075 /* AllWinningMoves.swift */,
				F52AD1801E6713250020AFDD /* Main.storyboard */,
				F52AD1831E6713250020AFDD /* Assets.xcassets */,
				F52AD1851E6713250020AFDD /* LaunchScreen.storyboard */,
				F52AD1881E6713250020AFDD /* Info.plist */,
			);
			path = TicTacToe;
			sourceTree = "<group>";
		};
/* End PBXGroup section */

/* Begin PBXNativeTarget section */
		F52AD1781E6713240020AFDD /* TicTacToe */ = {
			isa = PBXNativeTarget;
			buildConfigurationList = F52AD18B1E6713250020AFDD /* Build configuration list for PBXNativeTarget "TicTacToe" */;
			buildPhases = (
				F52AD1751E6713240020AFDD /* Sources */,
				F52AD1761E6713240020AFDD /* Frameworks */,
				F52AD1771E6713240020AFDD /* Resources */,
			);
			buildRules = (
			);
			dependencies = (
			);
			name = TicTacToe;
			productName = TicTacToe;
			productReference = F52AD1791E6713250020AFDD /* TicTacToe.app */;
			productType = "com.apple.product-type.application";
		};
/* End PBXNativeTarget section */

/* Begin PBXProject section */
		F52AD1711E6713240020AFDD /* Project object */ = {
			isa = PBXProject;
			attributes = {
				LastSwiftUpdateCheck = 0820;
				LastUpgradeCheck = 0820;
				ORGANIZATIONNAME = "Deepak Mishra";
				TargetAttributes = {
					F52AD1781E6713240020AFDD = {
						CreatedOnToolsVersion = 8.2.1;
						DevelopmentTeam = 94ET7Z4KLF;
						ProvisioningStyle = Manual;
					};
				};
			};
			buildConfigurationList = F52AD1741E6713240020AFDD /* Build configuration list for PBXProject "TicTacToe" */;
			compatibilityVersion = "Xcode 3.2";
			developmentRegion = English;
			hasScannedForEncodings = 0;
			knownRegions = (
				en,
				Base,
			);
			mainGroup = F52AD1701E6713240020AFDD;
			productRefGroup = F52AD17A1E6713250020AFDD /* Products */;
			projectDirPath = "";
			projectRoot = "";
			targets = (
				F52AD1781E6713240020AFDD /* TicTacToe */,
			);
		};
/* End PBXProject section */

/* Begin PBXResourcesBuildPhase section */
		F52AD1771E6713240020AFDD /* Resources */ = {
			isa = PBXResourcesBuildPhase;
			buildActionMask = 2147483647;
			files = (
				F52AD1871E6713250020AFDD /* LaunchScreen.storyboard in Resources */,
				F52AD1841E6713250020AFDD /* Assets.xcassets in Resources */,
				F52AD1821E6713250020AFDD /* Main.storyboard in Resources */,
			);
			runOnlyForDeploymentPostprocessing = 0;
		};
/* End PBXResourcesBuildPhase section */

/* Begin PBXSourcesBuildPhase section */
		F52AD1751E6713240020AFDD /* Sources */ = {
			isa = PBXSourcesBuildPhase;
			buildActionMask = 2147483647;
			files = (
				F513810C1E69CDB500C1F747 /* Player.swift in Sources */,
				F513810A1E69CD5E00C1F747 /* Tile.swift in Sources */,
				F51381081E69CB8500C1F747 /* ViewController.swift in Sources */,
				F52AD17D1E6713250020AFDD /* AppDelegate.swift in Sources */,
				F5FDFB6A1E6A8F2600543075 /* AllWinningMoves.swift in Sources */,
			);
			runOnlyForDeploymentPostprocessing = 0;
		};
/* End PBXSourcesBuildPhase section */

/* Begin PBXVariantGroup section */
		F52AD1801E6713250020AFDD /* Main.storyboard */ = {
			isa = PBXVariantGroup;
			children = (
				F52AD1811E6713250020AFDD /* Base */,
			);
			name = Main.storyboard;
			sourceTree = "<group>";
		};
		F52AD1851E6713250020AFDD /* LaunchScreen.storyboard */ = {
			isa = PBXVariantGroup;
			children = (
				F52AD1861E6713250020AFDD /* Base */,
			);
			name = LaunchScreen.storyboard;
			sourceTree = "<group>";
		};
/* End PBXVariantGroup section */

/* Begin XCBuildConfiguration section */
		F52AD1891E6713250020AFDD /* Debug */ = {
			isa = XCBuildConfiguration;
			buildSettings = {
				ALWAYS_SEARCH_USER_PATHS = NO;
				CLANG_ANALYZER_NONNULL = YES;
				CLANG_CXX_LANGUAGE_STANDARD = "gnu++0x";
				CLANG_CXX_LIBRARY = "libc++";
				CLANG_ENABLE_MODULES = YES;
				CLANG_ENABLE_OBJC_ARC = YES;
				CLANG_WARN_BOOL_CONVERSION = YES;
				CLANG_WARN_CONSTANT_CONVERSION = YES;
				CLANG_WARN_DIRECT_OBJC_ISA_USAGE = YES_ERROR;
				CLANG_WARN_DOCUMENTATION_COMMENTS = YES;
				CLANG_WARN_EMPTY_BODY = YES;
				CLANG_WARN_ENUM_CONVERSION = YES;
				CLANG_WARN_INFINITE_RECURSION = YES;
				CLANG_WARN_INT_CONVERSION = YES;
				CLANG_WARN_OBJC_ROOT_CLASS = YES_ERROR;
				CLANG_WARN_SUSPICIOUS_MOVE = YES;
				CLANG_WARN_UNREACHABLE_CODE = YES;
				CLANG_WARN__DUPLICATE_METHOD_MATCH = YES;
				"CODE_SIGN_IDENTITY[sdk=iphoneos*]" = "iPhone Developer";
				COPY_PHASE_STRIP = NO;
				DEBUG_INFORMATION_FORMAT = dwarf;
				ENABLE_STRICT_OBJC_MSGSEND = YES;
				ENABLE_TESTABILITY = YES;
				GCC_C_LANGUAGE_STANDARD = gnu99;
				GCC_DYNAMIC_NO_PIC = NO;
				GCC_NO_COMMON_BLOCKS = YES;
				GCC_OPTIMIZATION_LEVEL = 0;
				GCC_PREPROCESSOR_DEFINITIONS = (
					"DEBUG=1",
					"$(inherited)",
				);
				GCC_WARN_64_TO_32_BIT_CONVERSION = YES;
				GCC_WARN_ABOUT_RETURN_TYPE = YES_ERROR;
				GCC_WARN_UNDECLARED_SELECTOR = YES;
				GCC_WARN_UNINITIALIZED_AUTOS = YES_AGGRESSIVE;
				GCC_WARN_UNUSED_FUNCTION = YES;
				GCC_WARN_UNUSED_VARIABLE = YES;
				IPHONEOS_DEPLOYMENT_TARGET = 10.2;
				MTL_ENABLE_DEBUG_INFO = YES;
				ONLY_ACTIVE_ARCH = YES;
				SDKROOT = iphoneos;
				SWIFT_ACTIVE_COMPILATION_CONDITIONS = DEBUG;
				SWIFT_OPTIMIZATION_LEVEL = "-Onone";
				TARGETED_DEVICE_FAMILY = "1,2";
			};
			name = Debug;
		};
		F52AD18A1E6713250020AFDD /* Release */ = {
			isa = XCBuildConfiguration;
			buildSettings = {
				ALWAYS_SEARCH_USER_PATHS = NO;
				CLANG_ANALYZER_NONNULL = YES;
				CLANG_CXX_LANGUAGE_STANDARD = "gnu++0x";
				CLANG_CXX_LIBRARY = "libc++";
				CLANG_ENABLE_MODULES = YES;
				CLANG_ENABLE_OBJC_ARC = YES;
				CLANG_WARN_BOOL_CONVERSION = YES;
				CLANG_WARN_CONSTANT_CONVERSION = YES;
				CLANG_WARN_DIRECT_OBJC_ISA_USAGE = YES_ERROR;
				CLANG_WARN_DOCUMENTATION_COMMENTS = YES;
				CLANG_WARN_EMPTY_BODY = YES;
				CLANG_WARN_ENUM_CONVERSION = YES;
				CLANG_WARN_INFINITE_RECURSION = YES;
				CLANG_WARN_INT_CONVERSION = YES;
				CLANG_WARN_OBJC_ROOT_CLASS = YES_ERROR;
				CLANG_WARN_SUSPICIOUS_MOVE = YES;
				CLANG_WARN_UNREACHABLE_CODE = YES;
				CLANG_WARN__DUPLICATE_METHOD_MATCH = YES;
				"CODE_SIGN_IDENTITY[sdk=iphoneos*]" = "iPhone Developer";
				COPY_PHASE_STRIP = NO;
				DEBUG_INFORMATION_FORMAT = "dwarf-with-dsym";
				ENABLE_NS_ASSERTIONS = NO;
				ENABLE_STRICT_OBJC_MSGSEND = YES;
				GCC_C_LANGUAGE_STANDARD = gnu99;
				GCC_NO_COMMON_BLOCKS = YES;
				GCC_WARN_64_TO_32_BIT_CONVERSION = YES;
				GCC_WARN_ABOUT_RETURN_TYPE = YES_ERROR;
				GCC_WARN_UNDECLARED_SELECTOR = YES;
				GCC_WARN_UNINITIALIZED_AUTOS = YES_AGGRESSIVE;
				GCC_WARN_UNUSED_FUNCTION = YES;
				GCC_WARN_UNUSED_VARIABLE = YES;
				IPHONEOS_DEPLOYMENT_TARGET = 10.2;
				MTL_ENABLE_DEBUG_INFO = NO;
				SDKROOT = iphoneos;
				SWIFT_OPTIMIZATION_LEVEL = "-Owholemodule";
				TARGETED_DEVICE_FAMILY = "1,2";
				VALIDATE_PRODUCT = YES;
			};
			name = Release;
		};
		F52AD18C1E6713250020AFDD /* Debug */ = {
			isa = XCBuildConfiguration;
			buildSettings = {
				ASSETCATALOG_COMPILER_APPICON_NAME = AppIcon;
				CODE_SIGN_IDENTITY = "";
				"CODE_SIGN_IDENTITY[sdk=iphoneos*]" = "";
				DEVELOPMENT_TEAM = 94ET7Z4KLF;
				INFOPLIST_FILE = TicTacToe/Info.plist;
				IPHONEOS_DEPLOYMENT_TARGET = 9.0;
				LD_RUNPATH_SEARCH_PATHS = "$(inherited) @executable_path/Frameworks";
				PRODUCT_BUNDLE_IDENTIFIER = com.11deepakmishra;
				PRODUCT_NAME = "$(TARGET_NAME)";
				PROVISIONING_PROFILE = "6690dc90-0a79-4875-96c0-9153fb213cd6";
				PROVISIONING_PROFILE_SPECIFIER = "";
				SWIFT_VERSION = 3.0;
			};
			name = Debug;
		};
		F52AD18D1E6713250020AFDD /* Release */ = {
			isa = XCBuildConfiguration;
			buildSettings = {
				ASSETCATALOG_COMPILER_APPICON_NAME = AppIcon;
				CODE_SIGN_IDENTITY = "";
				"CODE_SIGN_IDENTITY[sdk=iphoneos*]" = "";
				DEVELOPMENT_TEAM = 94ET7Z4KLF;
				INFOPLIST_FILE = TicTacToe/Info.plist;
				IPHONEOS_DEPLOYMENT_TARGET = 9.0;
				LD_RUNPATH_SEARCH_PATHS = "$(inherited) @executable_path/Frameworks";
				PRODUCT_BUNDLE_IDENTIFIER = com.11deepakmishra;
				PRODUCT_NAME = "$(TARGET_NAME)";
				PROVISIONING_PROFILE = "6690dc90-0a79-4875-96c0-9153fb213cd6";
				PROVISIONING_PROFILE_SPECIFIER = "";
				SWIFT_VERSION = 3.0;
			};
			name = Release;
		};
/* End XCBuildConfiguration section */

/* Begin XCConfigurationList section */
		F52AD1741E6713240020AFDD /* Build configuration list for PBXProject "TicTacToe" */ = {
			isa = XCConfigurationList;
			buildConfigurations = (
				F52AD1891E6713250020AFDD /* Debug */,
				F52AD18A1E6713250020AFDD /* Release */,
			);
			defaultConfigurationIsVisible = 0;
			defaultConfigurationName = Release;
		};
		F52AD18B1E6713250020AFDD /* Build configuration list for PBXNativeTarget "TicTacToe" */ = {
			isa = XCConfigurationList;
			buildConfigurations = (
				F52AD18C1E6713250020AFDD /* Debug */,
				F52AD18D1E6713250020AFDD /* Release */,
			);
			defaultConfigurationIsVisible = 0;
			defaultConfigurationName = Release;
		};
/* End XCConfigurationList section */
	};
	rootObject = F52AD1711E6713240020AFDD /* Project object */;
}
